// !$*UTF8*$!
{
	archiveVersion = 1;
	classes = {
	};
	objectVersion = 46;
	objects = {

/* Begin PBXBuildFile section */
		FE5E5FA51EBF3DBC00712E67 /* AppDelegate.swift in Sources */ = {isa = PBXBuildFile; fileRef = FE5E5FA41EBF3DBC00712E67 /* AppDelegate.swift */; };
		FE5E5FA71EBF3DBC00712E67 /* ViewController.swift in Sources */ = {isa = PBXBuildFile; fileRef = FE5E5FA61EBF3DBC00712E67 /* ViewController.swift */; };
		FE5E5FAA1EBF3DBC00712E67 /* Main.storyboard in Resources */ = {isa = PBXBuildFile; fileRef = FE5E5FA81EBF3DBC00712E67 /* Main.storyboard */; };
		FE5E5FAC1EBF3DBC00712E67 /* Assets.xcassets in Resources */ = {isa = PBXBuildFile; fileRef = FE5E5FAB1EBF3DBC00712E67 /* Assets.xcassets */; };
		FE5E5FAF1EBF3DBC00712E67 /* LaunchScreen.storyboard in Resources */ = {isa = PBXBuildFile; fileRef = FE5E5FAD1EBF3DBC00712E67 /* LaunchScreen.storyboard */; };
/* End PBXBuildFile section */

/* Begin PBXFileReference section */
		FE5E5FA11EBF3DBC00712E67 /* SnapChat.app */ = {isa = PBXFileReference; explicitFileType = wrapper.application; includeInIndex = 0; path = SnapChat.app; sourceTree = BUILT_PRODUCTS_DIR; };
		FE5E5FA41EBF3DBC00712E67 /* AppDelegate.swift */ = {isa = PBXFileReference; lastKnownFileType = sourcecode.swift; path = AppDelegate.swift; sourceTree = "<group>"; };
		FE5E5FA61EBF3DBC00712E67 /* ViewController.swift */ = {isa = PBXFileReference; lastKnownFileType = sourcecode.swift; path = ViewController.swift; sourceTree = "<group>"; };
		FE5E5FA91EBF3DBC00712E67 /* Base */ = {isa = PBXFileReference; lastKnownFileType = file.storyboard; name = Base; path = Base.lproj/Main.storyboard; sourceTree = "<group>"; };
		FE5E5FAB1EBF3DBC00712E67 /* Assets.xcassets */ = {isa = PBXFileReference; lastKnownFileType = folder.assetcatalog; path = Assets.xcassets; sourceTree = "<group>"; };
		FE5E5FAE1EBF3DBC00712E67 /* Base */ = {isa = PBXFileReference; lastKnownFileType = file.storyboard; name = Base; path = Base.lproj/LaunchScreen.storyboard; sourceTree = "<group>"; };
		FE5E5FB01EBF3DBC00712E67 /* Info.plist */ = {isa = PBXFileReference; lastKnownFileType = text.plist.xml; path = Info.plist; sourceTree = "<group>"; };
/* End PBXFileReference section */

/* Begin PBXFrameworksBuildPhase section */
		FE5E5F9E1EBF3DBC00712E67 /* Frameworks */ = {
			isa = PBXFrameworksBuildPhase;
			buildActionMask = 2147483647;
			files = (
			);
			runOnlyForDeploymentPostprocessing = 0;
		};
/* End PBXFrameworksBuildPhase section */

/* Begin PBXGroup section */
		FE5E5F981EBF3DBC00712E67 = {
			isa = PBXGroup;
			children = (
				FE5E5FA31EBF3DBC00712E67 /* SnapChat */,
				FE5E5FA21EBF3DBC00712E67 /* Products */,
			);
			sourceTree = "<group>";
		};
		FE5E5FA21EBF3DBC00712E67 /* Products */ = {
			isa = PBXGroup;
			children = (
				FE5E5FA11EBF3DBC00712E67 /* SnapChat.app */,
			);
			name = Products;
			sourceTree = "<group>";
		};
		FE5E5FA31EBF3DBC00712E67 /* SnapChat */ = {
			isa = PBXGroup;
			children = (
				FE5E5FA41EBF3DBC00712E67 /* AppDelegate.swift */,
				FE5E5FA61EBF3DBC00712E67 /* ViewController.swift */,
				FE5E5FA81EBF3DBC00712E67 /* Main.storyboard */,
				FE5E5FAB1EBF3DBC00712E67 /* Assets.xcassets */,
				FE5E5FAD1EBF3DBC00712E67 /* LaunchScreen.storyboard */,
				FE5E5FB01EBF3DBC00712E67 /* Info.plist */,
			);
			path = SnapChat;
			sourceTree = "<group>";
		};
/* End PBXGroup section */

/* Begin PBXNativeTarget section */
		FE5E5FA01EBF3DBC00712E67 /* SnapChat */ = {
			isa = PBXNativeTarget;
			buildConfigurationList = FE5E5FB31EBF3DBC00712E67 /* Build configuration list for PBXNativeTarget "SnapChat" */;
			buildPhases = (
				FE5E5F9D1EBF3DBC00712E67 /* Sources */,
				FE5E5F9E1EBF3DBC00712E67 /* Frameworks */,
				FE5E5F9F1EBF3DBC00712E67 /* Resources */,
			);
			buildRules = (
			);
			dependencies = (
			);
			name = SnapChat;
			productName = SnapChat;
			productReference = FE5E5FA11EBF3DBC00712E67 /* SnapChat.app */;
			productType = "com.apple.product-type.application";
		};
/* End PBXNativeTarget section */

/* Begin PBXProject section */
		FE5E5F991EBF3DBC00712E67 /* Project object */ = {
			isa = PBXProject;
			attributes = {
				LastSwiftUpdateCheck = 0830;
				LastUpgradeCheck = 0830;
				ORGANIZATIONNAME = "Andrzej Palec";
				TargetAttributes = {
					FE5E5FA01EBF3DBC00712E67 = {
						CreatedOnToolsVersion = 8.3.2;
						DevelopmentTeam = BXH7JC6RHN;
						ProvisioningStyle = Automatic;
					};
				};
			};
			buildConfigurationList = FE5E5F9C1EBF3DBC00712E67 /* Build configuration list for PBXProject "SnapChat" */;
			compatibilityVersion = "Xcode 3.2";
			developmentRegion = English;
			hasScannedForEncodings = 0;
			knownRegions = (
				en,
				Base,
			);
			mainGroup = FE5E5F981EBF3DBC00712E67;
			productRefGroup = FE5E5FA21EBF3DBC00712E67 /* Products */;
			projectDirPath = "";
			projectRoot = "";
			targets = (
				FE5E5FA01EBF3DBC00712E67 /* SnapChat */,
			);
		};
/* End PBXProject section */

/* Begin PBXResourcesBuildPhase section */
		FE5E5F9F1EBF3DBC00712E67 /* Resources */ = {
			isa = PBXResourcesBuildPhase;
			buildActionMask = 2147483647;
			files = (
				FE5E5FAF1EBF3DBC00712E67 /* LaunchScreen.storyboard in Resources */,
				FE5E5FAC1EBF3DBC00712E67 /* Assets.xcassets in Resources */,
				FE5E5FAA1EBF3DBC00712E67 /* Main.storyboard in Resources */,
			);
			runOnlyForDeploymentPostprocessing = 0;
		};
/* End PBXResourcesBuildPhase section */

/* Begin PBXSourcesBuildPhase section */
		FE5E5F9D1EBF3DBC00712E67 /* Sources */ = {
			isa = PBXSourcesBuildPhase;
			buildActionMask = 2147483647;
			files = (
				FE5E5FA71EBF3DBC00712E67 /* ViewController.swift in Sources */,
				FE5E5FA51EBF3DBC00712E67 /* AppDelegate.swift in Sources */,
			);
			runOnlyForDeploymentPostprocessing = 0;
		};
/* End PBXSourcesBuildPhase section */

/* Begin PBXVariantGroup section */
		FE5E5FA81EBF3DBC00712E67 /* Main.storyboard */ = {
			isa = PBXVariantGroup;
			children = (
				FE5E5FA91EBF3DBC00712E67 /* Base */,
			);
			name = Main.storyboard;
			sourceTree = "<group>";
		};
		FE5E5FAD1EBF3DBC00712E67 /* LaunchScreen.storyboard */ = {
			isa = PBXVariantGroup;
			children = (
				FE5E5FAE1EBF3DBC00712E67 /* Base */,
			);
			name = LaunchScreen.storyboard;
			sourceTree = "<group>";
		};
/* End PBXVariantGroup section */

/* Begin XCBuildConfiguration section */
		FE5E5FB11EBF3DBC00712E67 /* Debug */ = {
			isa = XCBuildConfiguration;
			buildSettings = {
				ALWAYS_SEARCH_USER_PATHS = NO;
				CLANG_ANALYZER_NONNULL = YES;
				CLANG_ANALYZER_NUMBER_OBJECT_CONVERSION = YES_AGGRESSIVE;
				CLANG_CXX_LANGUAGE_STANDARD = "gnu++0x";
				CLANG_CXX_LIBRARY = "libc++";
				CLANG_ENABLE_MODULES = YES;
				CLANG_ENABLE_OBJC_ARC = YES;
				CLANG_WARN_BOOL_CONVERSION = YES;
				CLANG_WARN_CONSTANT_CONVERSION = YES;
				CLANG_WARN_DIRECT_OBJC_ISA_USAGE = YES_ERROR;
				CLANG_WARN_DOCUMENTATION_COMMENTS = YES;
				CLANG_WARN_EMPTY_BODY = YES;
				CLANG_WARN_ENUM_CONVERSION = YES;
				CLANG_WARN_INFINITE_RECURSION = YES;
				CLANG_WARN_INT_CONVERSION = YES;
				CLANG_WARN_OBJC_ROOT_CLASS = YES_ERROR;
				CLANG_WARN_SUSPICIOUS_MOVE = YES;
				CLANG_WARN_UNREACHABLE_CODE = YES;
				CLANG_WARN__DUPLICATE_METHOD_MATCH = YES;
				"CODE_SIGN_IDENTITY[sdk=iphoneos*]" = "iPhone Developer";
				COPY_PHASE_STRIP = NO;
				DEBUG_INFORMATION_FORMAT = dwarf;
				ENABLE_STRICT_OBJC_MSGSEND = YES;
				ENABLE_TESTABILITY = YES;
				GCC_C_LANGUAGE_STANDARD = gnu99;
				GCC_DYNAMIC_NO_PIC = NO;
				GCC_NO_COMMON_BLOCKS = YES;
				GCC_OPTIMIZATION_LEVEL = 0;
				GCC_PREPROCESSOR_DEFINITIONS = (
					"DEBUG=1",
					"$(inherited)",
				);
				GCC_WARN_64_TO_32_BIT_CONVERSION = YES;
				GCC_WARN_ABOUT_RETURN_TYPE = YES_ERROR;
				GCC_WARN_UNDECLARED_SELECTOR = YES;
				GCC_WARN_UNINITIALIZED_AUTOS = YES_AGGRESSIVE;
				GCC_WARN_UNUSED_FUNCTION = YES;
				GCC_WARN_UNUSED_VARIABLE = YES;
				IPHONEOS_DEPLOYMENT_TARGET = 10.3;
				MTL_ENABLE_DEBUG_INFO = YES;
				ONLY_ACTIVE_ARCH = YES;
				SDKROOT = iphoneos;
				SWIFT_ACTIVE_COMPILATION_CONDITIONS = DEBUG;
				SWIFT_OPTIMIZATION_LEVEL = "-Onone";
				TARGETED_DEVICE_FAMILY = "1,2";
			};
			name = Debug;
		};
		FE5E5FB21EBF3DBC00712E67 /* Release */ = {
			isa = XCBuildConfiguration;
			buildSettings = {
				ALWAYS_SEARCH_USER_PATHS = NO;
				CLANG_ANALYZER_NONNULL = YES;
				CLANG_ANALYZER_NUMBER_OBJECT_CONVERSION = YES_AGGRESSIVE;
				CLANG_CXX_LANGUAGE_STANDARD = "gnu++0x";
				CLANG_CXX_LIBRARY = "libc++";
				CLANG_ENABLE_MODULES = YES;
				CLANG_ENABLE_OBJC_ARC = YES;
				CLANG_WARN_BOOL_CONVERSION = YES;
				CLANG_WARN_CONSTANT_CONVERSION = YES;
				CLANG_WARN_DIRECT_OBJC_ISA_USAGE = YES_ERROR;
				CLANG_WARN_DOCUMENTATION_COMMENTS = YES;
				CLANG_WARN_EMPTY_BODY = YES;
				CLANG_WARN_ENUM_CONVERSION = YES;
				CLANG_WARN_INFINITE_RECURSION = YES;
				CLANG_WARN_INT_CONVERSION = YES;
				CLANG_WARN_OBJC_ROOT_CLASS = YES_ERROR;
				CLANG_WARN_SUSPICIOUS_MOVE = YES;
				CLANG_WARN_UNREACHABLE_CODE = YES;
				CLANG_WARN__DUPLICATE_METHOD_MATCH = YES;
				"CODE_SIGN_IDENTITY[sdk=iphoneos*]" = "iPhone Developer";
				COPY_PHASE_STRIP = NO;
				DEBUG_INFORMATION_FORMAT = "dwarf-with-dsym";
				ENABLE_NS_ASSERTIONS = NO;
				ENABLE_STRICT_OBJC_MSGSEND = YES;
				GCC_C_LANGUAGE_STANDARD = gnu99;
				GCC_NO_COMMON_BLOCKS = YES;
				GCC_WARN_64_TO_32_BIT_CONVERSION = YES;
				GCC_WARN_ABOUT_RETURN_TYPE = YES_ERROR;
				GCC_WARN_UNDECLARED_SELECTOR = YES;
				GCC_WARN_UNINITIALIZED_AUTOS = YES_AGGRESSIVE;
				GCC_WARN_UNUSED_FUNCTION = YES;
				GCC_WARN_UNUSED_VARIABLE = YES;
				IPHONEOS_DEPLOYMENT_TARGET = 10.3;
				MTL_ENABLE_DEBUG_INFO = NO;
				SDKROOT = iphoneos;
				SWIFT_OPTIMIZATION_LEVEL = "-Owholemodule";
				TARGETED_DEVICE_FAMILY = "1,2";
				VALIDATE_PRODUCT = YES;
			};
			name = Release;
		};
		FE5E5FB41EBF3DBC00712E67 /* Debug */ = {
			isa = XCBuildConfiguration;
			buildSettings = {
				ASSETCATALOG_COMPILER_APPICON_NAME = AppIcon;
				DEVELOPMENT_TEAM = BXH7JC6RHN;
				INFOPLIST_FILE = SnapChat/Info.plist;
				LD_RUNPATH_SEARCH_PATHS = "$(inherited) @executable_path/Frameworks";
				PRODUCT_BUNDLE_IDENTIFIER = eggs.SnapChat;
				PRODUCT_NAME = "$(TARGET_NAME)";
				SWIFT_VERSION = 3.0;
			};
			name = Debug;
		};
		FE5E5FB51EBF3DBC00712E67 /* Release */ = {
			isa = XCBuildConfiguration;
			buildSettings = {
				ASSETCATALOG_COMPILER_APPICON_NAME = AppIcon;
				DEVELOPMENT_TEAM = BXH7JC6RHN;
				INFOPLIST_FILE = SnapChat/Info.plist;
				LD_RUNPATH_SEARCH_PATHS = "$(inherited) @executable_path/Frameworks";
				PRODUCT_BUNDLE_IDENTIFIER = eggs.SnapChat;
				PRODUCT_NAME = "$(TARGET_NAME)";
				SWIFT_VERSION = 3.0;
			};
			name = Release;
		};
/* End XCBuildConfiguration section */

/* Begin XCConfigurationList section */
		FE5E5F9C1EBF3DBC00712E67 /* Build configuration list for PBXProject "SnapChat" */ = {
			isa = XCConfigurationList;
			buildConfigurations = (
				FE5E5FB11EBF3DBC00712E67 /* Debug */,
				FE5E5FB21EBF3DBC00712E67 /* Release */,
			);
			defaultConfigurationIsVisible = 0;
			defaultConfigurationName = Release;
		};
		FE5E5FB31EBF3DBC00712E67 /* Build configuration list for PBXNativeTarget "SnapChat" */ = {
			isa = XCConfigurationList;
			buildConfigurations = (
				FE5E5FB41EBF3DBC00712E67 /* Debug */,
				FE5E5FB51EBF3DBC00712E67 /* Release */,
			);
			defaultConfigurationIsVisible = 0;
		};
/* End XCConfigurationList section */
	};
	rootObject = FE5E5F991EBF3DBC00712E67 /* Project object */;
}
