// !$*UTF8*$!
{
	archiveVersion = 1;
	classes = {
	};
	objectVersion = 46;
	objects = {

/* Begin PBXBuildFile section */
		4888AEA49CDC3EF3B06E861E /* Pods_SnapChat.framework in Frameworks */ = {isa = PBXBuildFile; fileRef = A36EE648BF31DD2D3EB0EA80 /* Pods_SnapChat.framework */; };
		FE2FF4381EC1350100FC4A5B /* GoogleService-Info.plist in Resources */ = {isa = PBXBuildFile; fileRef = FE2FF4371EC1350100FC4A5B /* GoogleService-Info.plist */; };
		FE5E5FA51EBF3DBC00712E67 /* AppDelegate.swift in Sources */ = {isa = PBXBuildFile; fileRef = FE5E5FA41EBF3DBC00712E67 /* AppDelegate.swift */; };
		FE5E5FA71EBF3DBC00712E67 /* SignInViewController.swift in Sources */ = {isa = PBXBuildFile; fileRef = FE5E5FA61EBF3DBC00712E67 /* SignInViewController.swift */; };
		FE5E5FAA1EBF3DBC00712E67 /* Main.storyboard in Resources */ = {isa = PBXBuildFile; fileRef = FE5E5FA81EBF3DBC00712E67 /* Main.storyboard */; };
		FE5E5FAC1EBF3DBC00712E67 /* Assets.xcassets in Resources */ = {isa = PBXBuildFile; fileRef = FE5E5FAB1EBF3DBC00712E67 /* Assets.xcassets */; };
		FE5E5FAF1EBF3DBC00712E67 /* LaunchScreen.storyboard in Resources */ = {isa = PBXBuildFile; fileRef = FE5E5FAD1EBF3DBC00712E67 /* LaunchScreen.storyboard */; };
		FE8422631ECBC58D0078AD83 /* SnapsViewController.swift in Sources */ = {isa = PBXBuildFile; fileRef = FE8422621ECBC58D0078AD83 /* SnapsViewController.swift */; };
		FEEED6481ED652BF007C3DC9 /* PictureViewController.swift in Sources */ = {isa = PBXBuildFile; fileRef = FEEED6471ED652BF007C3DC9 /* PictureViewController.swift */; };
/* End PBXBuildFile section */

/* Begin PBXFileReference section */
		1A3052D1862BCD576DB3D506 /* Pods-SnapChat.debug.xcconfig */ = {isa = PBXFileReference; includeInIndex = 1; lastKnownFileType = text.xcconfig; name = "Pods-SnapChat.debug.xcconfig"; path = "Pods/Target Support Files/Pods-SnapChat/Pods-SnapChat.debug.xcconfig"; sourceTree = "<group>"; };
		A36EE648BF31DD2D3EB0EA80 /* Pods_SnapChat.framework */ = {isa = PBXFileReference; explicitFileType = wrapper.framework; includeInIndex = 0; path = Pods_SnapChat.framework; sourceTree = BUILT_PRODUCTS_DIR; };
		CC74B3D7AA3964AF6DA357F5 /* Pods-SnapChat.release.xcconfig */ = {isa = PBXFileReference; includeInIndex = 1; lastKnownFileType = text.xcconfig; name = "Pods-SnapChat.release.xcconfig"; path = "Pods/Target Support Files/Pods-SnapChat/Pods-SnapChat.release.xcconfig"; sourceTree = "<group>"; };
		FE2FF4371EC1350100FC4A5B /* GoogleService-Info.plist */ = {isa = PBXFileReference; fileEncoding = 4; lastKnownFileType = text.plist.xml; path = "GoogleService-Info.plist"; sourceTree = "<group>"; };
		FE5E5FA11EBF3DBC00712E67 /* SnapChat.app */ = {isa = PBXFileReference; explicitFileType = wrapper.application; includeInIndex = 0; path = SnapChat.app; sourceTree = BUILT_PRODUCTS_DIR; };
		FE5E5FA41EBF3DBC00712E67 /* AppDelegate.swift */ = {isa = PBXFileReference; lastKnownFileType = sourcecode.swift; path = AppDelegate.swift; sourceTree = "<group>"; };
		FE5E5FA61EBF3DBC00712E67 /* SignInViewController.swift */ = {isa = PBXFileReference; lastKnownFileType = sourcecode.swift; path = SignInViewController.swift; sourceTree = "<group>"; };
		FE5E5FA91EBF3DBC00712E67 /* Base */ = {isa = PBXFileReference; lastKnownFileType = file.storyboard; name = Base; path = Base.lproj/Main.storyboard; sourceTree = "<group>"; };
		FE5E5FAB1EBF3DBC00712E67 /* Assets.xcassets */ = {isa = PBXFileReference; lastKnownFileType = folder.assetcatalog; path = Assets.xcassets; sourceTree = "<group>"; };
		FE5E5FAE1EBF3DBC00712E67 /* Base */ = {isa = PBXFileReference; lastKnownFileType = file.storyboard; name = Base; path = Base.lproj/LaunchScreen.storyboard; sourceTree = "<group>"; };
		FE5E5FB01EBF3DBC00712E67 /* Info.plist */ = {isa = PBXFileReference; lastKnownFileType = text.plist.xml; path = Info.plist; sourceTree = "<group>"; };
		FE8422621ECBC58D0078AD83 /* SnapsViewController.swift */ = {isa = PBXFileReference; fileEncoding = 4; lastKnownFileType = sourcecode.swift; path = SnapsViewController.swift; sourceTree = "<group>"; };
		FEEED6471ED652BF007C3DC9 /* PictureViewController.swift */ = {isa = PBXFileReference; fileEncoding = 4; lastKnownFileType = sourcecode.swift; path = PictureViewController.swift; sourceTree = "<group>"; };
/* End PBXFileReference section */

/* Begin PBXFrameworksBuildPhase section */
		FE5E5F9E1EBF3DBC00712E67 /* Frameworks */ = {
			isa = PBXFrameworksBuildPhase;
			buildActionMask = 2147483647;
			files = (
				4888AEA49CDC3EF3B06E861E /* Pods_SnapChat.framework in Frameworks */,
			);
			runOnlyForDeploymentPostprocessing = 0;
		};
/* End PBXFrameworksBuildPhase section */

/* Begin PBXGroup section */
		27DF2334E1869349109CFCAE /* Pods */ = {
			isa = PBXGroup;
			children = (
				1A3052D1862BCD576DB3D506 /* Pods-SnapChat.debug.xcconfig */,
				CC74B3D7AA3964AF6DA357F5 /* Pods-SnapChat.release.xcconfig */,
			);
			name = Pods;
			sourceTree = "<group>";
		};
		3ED8C3640632226C590D4448 /* Frameworks */ = {
			isa = PBXGroup;
			children = (
				A36EE648BF31DD2D3EB0EA80 /* Pods_SnapChat.framework */,
			);
			name = Frameworks;
			sourceTree = "<group>";
		};
		FE5E5F981EBF3DBC00712E67 = {
			isa = PBXGroup;
			children = (
				FE5E5FA31EBF3DBC00712E67 /* SnapChat */,
				FE5E5FA21EBF3DBC00712E67 /* Products */,
				27DF2334E1869349109CFCAE /* Pods */,
				3ED8C3640632226C590D4448 /* Frameworks */,
			);
			sourceTree = "<group>";
		};
		FE5E5FA21EBF3DBC00712E67 /* Products */ = {
			isa = PBXGroup;
			children = (
				FE5E5FA11EBF3DBC00712E67 /* SnapChat.app */,
			);
			name = Products;
			sourceTree = "<group>";
		};
		FE5E5FA31EBF3DBC00712E67 /* SnapChat */ = {
			isa = PBXGroup;
			children = (
				FE5E5FA41EBF3DBC00712E67 /* AppDelegate.swift */,
				FE5E5FA61EBF3DBC00712E67 /* SignInViewController.swift */,
				FE8422621ECBC58D0078AD83 /* SnapsViewController.swift */,
				FE5E5FA81EBF3DBC00712E67 /* Main.storyboard */,
				FEEED6471ED652BF007C3DC9 /* PictureViewController.swift */,
				FE5E5FAB1EBF3DBC00712E67 /* Assets.xcassets */,
				FE5E5FAD1EBF3DBC00712E67 /* LaunchScreen.storyboard */,
				FE5E5FB01EBF3DBC00712E67 /* Info.plist */,
				FE2FF4371EC1350100FC4A5B /* GoogleService-Info.plist */,
			);
			path = SnapChat;
			sourceTree = "<group>";
		};
/* End PBXGroup section */

/* Begin PBXNativeTarget section */
		FE5E5FA01EBF3DBC00712E67 /* SnapChat */ = {
			isa = PBXNativeTarget;
			buildConfigurationList = FE5E5FB31EBF3DBC00712E67 /* Build configuration list for PBXNativeTarget "SnapChat" */;
			buildPhases = (
				D67CBDF78393B93D9EB47C7B /* [CP] Check Pods Manifest.lock */,
				FE5E5F9D1EBF3DBC00712E67 /* Sources */,
				FE5E5F9E1EBF3DBC00712E67 /* Frameworks */,
				FE5E5F9F1EBF3DBC00712E67 /* Resources */,
				EB3EDDB7709663CF1DC22F7B /* [CP] Embed Pods Frameworks */,
				1F659C91AA682D26CD73C79F /* [CP] Copy Pods Resources */,
			);
			buildRules = (
			);
			dependencies = (
			);
			name = SnapChat;
			productName = SnapChat;
			productReference = FE5E5FA11EBF3DBC00712E67 /* SnapChat.app */;
			productType = "com.apple.product-type.application";
		};
/* End PBXNativeTarget section */

/* Begin PBXProject section */
		FE5E5F991EBF3DBC00712E67 /* Project object */ = {
			isa = PBXProject;
			attributes = {
				LastSwiftUpdateCheck = 0830;
				LastUpgradeCheck = 0830;
				ORGANIZATIONNAME = "Andrzej Palec";
				TargetAttributes = {
					FE5E5FA01EBF3DBC00712E67 = {
						CreatedOnToolsVersion = 8.3.2;
						DevelopmentTeam = BXH7JC6RHN;
						ProvisioningStyle = Automatic;
					};
				};
			};
			buildConfigurationList = FE5E5F9C1EBF3DBC00712E67 /* Build configuration list for PBXProject "SnapChat" */;
			compatibilityVersion = "Xcode 3.2";
			developmentRegion = English;
			hasScannedForEncodings = 0;
			knownRegions = (
				en,
				Base,
			);
			mainGroup = FE5E5F981EBF3DBC00712E67;
			productRefGroup = FE5E5FA21EBF3DBC00712E67 /* Products */;
			projectDirPath = "";
			projectRoot = "";
			targets = (
				FE5E5FA01EBF3DBC00712E67 /* SnapChat */,
			);
		};
/* End PBXProject section */

/* Begin PBXResourcesBuildPhase section */
		FE5E5F9F1EBF3DBC00712E67 /* Resources */ = {
			isa = PBXResourcesBuildPhase;
			buildActionMask = 2147483647;
			files = (
				FE5E5FAF1EBF3DBC00712E67 /* LaunchScreen.storyboard in Resources */,
				FE2FF4381EC1350100FC4A5B /* GoogleService-Info.plist in Resources */,
				FE5E5FAC1EBF3DBC00712E67 /* Assets.xcassets in Resources */,
				FE5E5FAA1EBF3DBC00712E67 /* Main.storyboard in Resources */,
			);
			runOnlyForDeploymentPostprocessing = 0;
		};
/* End PBXResourcesBuildPhase section */

/* Begin PBXShellScriptBuildPhase section */
		1F659C91AA682D26CD73C79F /* [CP] Copy Pods Resources */ = {
			isa = PBXShellScriptBuildPhase;
			buildActionMask = 2147483647;
			files = (
			);
			inputPaths = (
			);
			name = "[CP] Copy Pods Resources";
			outputPaths = (
			);
			runOnlyForDeploymentPostprocessing = 0;
			shellPath = /bin/sh;
			shellScript = "\"${SRCROOT}/Pods/Target Support Files/Pods-SnapChat/Pods-SnapChat-resources.sh\"\n";
			showEnvVarsInLog = 0;
		};
		D67CBDF78393B93D9EB47C7B /* [CP] Check Pods Manifest.lock */ = {
			isa = PBXShellScriptBuildPhase;
			buildActionMask = 2147483647;
			files = (
			);
			inputPaths = (
			);
			name = "[CP] Check Pods Manifest.lock";
			outputPaths = (
			);
			runOnlyForDeploymentPostprocessing = 0;
			shellPath = /bin/sh;
			shellScript = "diff \"${PODS_PODFILE_DIR_PATH}/Podfile.lock\" \"${PODS_ROOT}/Manifest.lock\" > /dev/null\nif [ $? != 0 ] ; then\n    # print error to STDERR\n    echo \"error: The sandbox is not in sync with the Podfile.lock. Run 'pod install' or update your CocoaPods installation.\" >&2\n    exit 1\nfi\n";
			showEnvVarsInLog = 0;
		};
		EB3EDDB7709663CF1DC22F7B /* [CP] Embed Pods Frameworks */ = {
			isa = PBXShellScriptBuildPhase;
			buildActionMask = 2147483647;
			files = (
			);
			inputPaths = (
			);
			name = "[CP] Embed Pods Frameworks";
			outputPaths = (
			);
			runOnlyForDeploymentPostprocessing = 0;
			shellPath = /bin/sh;
			shellScript = "\"${SRCROOT}/Pods/Target Support Files/Pods-SnapChat/Pods-SnapChat-frameworks.sh\"\n";
			showEnvVarsInLog = 0;
		};
/* End PBXShellScriptBuildPhase section */

/* Begin PBXSourcesBuildPhase section */
		FE5E5F9D1EBF3DBC00712E67 /* Sources */ = {
			isa = PBXSourcesBuildPhase;
			buildActionMask = 2147483647;
			files = (
				FE5E5FA71EBF3DBC00712E67 /* SignInViewController.swift in Sources */,
				FEEED6481ED652BF007C3DC9 /* PictureViewController.swift in Sources */,
				FE5E5FA51EBF3DBC00712E67 /* AppDelegate.swift in Sources */,
				FE8422631ECBC58D0078AD83 /* SnapsViewController.swift in Sources */,
			);
			runOnlyForDeploymentPostprocessing = 0;
		};
/* End PBXSourcesBuildPhase section */

/* Begin PBXVariantGroup section */
		FE5E5FA81EBF3DBC00712E67 /* Main.storyboard */ = {
			isa = PBXVariantGroup;
			children = (
				FE5E5FA91EBF3DBC00712E67 /* Base */,
			);
			name = Main.storyboard;
			sourceTree = "<group>";
		};
		FE5E5FAD1EBF3DBC00712E67 /* LaunchScreen.storyboard */ = {
			isa = PBXVariantGroup;
			children = (
				FE5E5FAE1EBF3DBC00712E67 /* Base */,
			);
			name = LaunchScreen.storyboard;
			sourceTree = "<group>";
		};
/* End PBXVariantGroup section */

/* Begin XCBuildConfiguration section */
		FE5E5FB11EBF3DBC00712E67 /* Debug */ = {
			isa = XCBuildConfiguration;
			buildSettings = {
				ALWAYS_SEARCH_USER_PATHS = NO;
				CLANG_ANALYZER_NONNULL = YES;
				CLANG_ANALYZER_NUMBER_OBJECT_CONVERSION = YES_AGGRESSIVE;
				CLANG_CXX_LANGUAGE_STANDARD = "gnu++0x";
				CLANG_CXX_LIBRARY = "libc++";
				CLANG_ENABLE_MODULES = YES;
				CLANG_ENABLE_OBJC_ARC = YES;
				CLANG_WARN_BOOL_CONVERSION = YES;
				CLANG_WARN_CONSTANT_CONVERSION = YES;
				CLANG_WARN_DIRECT_OBJC_ISA_USAGE = YES_ERROR;
				CLANG_WARN_DOCUMENTATION_COMMENTS = YES;
				CLANG_WARN_EMPTY_BODY = YES;
				CLANG_WARN_ENUM_CONVERSION = YES;
				CLANG_WARN_INFINITE_RECURSION = YES;
				CLANG_WARN_INT_CONVERSION = YES;
				CLANG_WARN_OBJC_ROOT_CLASS = YES_ERROR;
				CLANG_WARN_SUSPICIOUS_MOVE = YES;
				CLANG_WARN_UNREACHABLE_CODE = YES;
				CLANG_WARN__DUPLICATE_METHOD_MATCH = YES;
				"CODE_SIGN_IDENTITY[sdk=iphoneos*]" = "iPhone Developer";
				COPY_PHASE_STRIP = NO;
				DEBUG_INFORMATION_FORMAT = dwarf;
				ENABLE_STRICT_OBJC_MSGSEND = YES;
				ENABLE_TESTABILITY = YES;
				GCC_C_LANGUAGE_STANDARD = gnu99;
				GCC_DYNAMIC_NO_PIC = NO;
				GCC_NO_COMMON_BLOCKS = YES;
				GCC_OPTIMIZATION_LEVEL = 0;
				GCC_PREPROCESSOR_DEFINITIONS = (
					"DEBUG=1",
					"$(inherited)",
				);
				GCC_WARN_64_TO_32_BIT_CONVERSION = YES;
				GCC_WARN_ABOUT_RETURN_TYPE = YES_ERROR;
				GCC_WARN_UNDECLARED_SELECTOR = YES;
				GCC_WARN_UNINITIALIZED_AUTOS = YES_AGGRESSIVE;
				GCC_WARN_UNUSED_FUNCTION = YES;
				GCC_WARN_UNUSED_VARIABLE = YES;
				IPHONEOS_DEPLOYMENT_TARGET = 10.3;
				MTL_ENABLE_DEBUG_INFO = YES;
				ONLY_ACTIVE_ARCH = YES;
				SDKROOT = iphoneos;
				SWIFT_ACTIVE_COMPILATION_CONDITIONS = DEBUG;
				SWIFT_OPTIMIZATION_LEVEL = "-Onone";
				TARGETED_DEVICE_FAMILY = "1,2";
			};
			name = Debug;
		};
		FE5E5FB21EBF3DBC00712E67 /* Release */ = {
			isa = XCBuildConfiguration;
			buildSettings = {
				ALWAYS_SEARCH_USER_PATHS = NO;
				CLANG_ANALYZER_NONNULL = YES;
				CLANG_ANALYZER_NUMBER_OBJECT_CONVERSION = YES_AGGRESSIVE;
				CLANG_CXX_LANGUAGE_STANDARD = "gnu++0x";
				CLANG_CXX_LIBRARY = "libc++";
				CLANG_ENABLE_MODULES = YES;
				CLANG_ENABLE_OBJC_ARC = YES;
				CLANG_WARN_BOOL_CONVERSION = YES;
				CLANG_WARN_CONSTANT_CONVERSION = YES;
				CLANG_WARN_DIRECT_OBJC_ISA_USAGE = YES_ERROR;
				CLANG_WARN_DOCUMENTATION_COMMENTS = YES;
				CLANG_WARN_EMPTY_BODY = YES;
				CLANG_WARN_ENUM_CONVERSION = YES;
				CLANG_WARN_INFINITE_RECURSION = YES;
				CLANG_WARN_INT_CONVERSION = YES;
				CLANG_WARN_OBJC_ROOT_CLASS = YES_ERROR;
				CLANG_WARN_SUSPICIOUS_MOVE = YES;
				CLANG_WARN_UNREACHABLE_CODE = YES;
				CLANG_WARN__DUPLICATE_METHOD_MATCH = YES;
				"CODE_SIGN_IDENTITY[sdk=iphoneos*]" = "iPhone Developer";
				COPY_PHASE_STRIP = NO;
				DEBUG_INFORMATION_FORMAT = "dwarf-with-dsym";
				ENABLE_NS_ASSERTIONS = NO;
				ENABLE_STRICT_OBJC_MSGSEND = YES;
				GCC_C_LANGUAGE_STANDARD = gnu99;
				GCC_NO_COMMON_BLOCKS = YES;
				GCC_WARN_64_TO_32_BIT_CONVERSION = YES;
				GCC_WARN_ABOUT_RETURN_TYPE = YES_ERROR;
				GCC_WARN_UNDECLARED_SELECTOR = YES;
				GCC_WARN_UNINITIALIZED_AUTOS = YES_AGGRESSIVE;
				GCC_WARN_UNUSED_FUNCTION = YES;
				GCC_WARN_UNUSED_VARIABLE = YES;
				IPHONEOS_DEPLOYMENT_TARGET = 10.3;
				MTL_ENABLE_DEBUG_INFO = NO;
				SDKROOT = iphoneos;
				SWIFT_OPTIMIZATION_LEVEL = "-Owholemodule";
				TARGETED_DEVICE_FAMILY = "1,2";
				VALIDATE_PRODUCT = YES;
			};
			name = Release;
		};
		FE5E5FB41EBF3DBC00712E67 /* Debug */ = {
			isa = XCBuildConfiguration;
			baseConfigurationReference = 1A3052D1862BCD576DB3D506 /* Pods-SnapChat.debug.xcconfig */;
			buildSettings = {
				ASSETCATALOG_COMPILER_APPICON_NAME = AppIcon;
				DEVELOPMENT_TEAM = BXH7JC6RHN;
				INFOPLIST_FILE = SnapChat/Info.plist;
				LD_RUNPATH_SEARCH_PATHS = "$(inherited) @executable_path/Frameworks";
				PRODUCT_BUNDLE_IDENTIFIER = eggs.SnapChat;
				PRODUCT_NAME = "$(TARGET_NAME)";
				SWIFT_VERSION = 3.0;
			};
			name = Debug;
		};
		FE5E5FB51EBF3DBC00712E67 /* Release */ = {
			isa = XCBuildConfiguration;
			baseConfigurationReference = CC74B3D7AA3964AF6DA357F5 /* Pods-SnapChat.release.xcconfig */;
			buildSettings = {
				ASSETCATALOG_COMPILER_APPICON_NAME = AppIcon;
				DEVELOPMENT_TEAM = BXH7JC6RHN;
				INFOPLIST_FILE = SnapChat/Info.plist;
				LD_RUNPATH_SEARCH_PATHS = "$(inherited) @executable_path/Frameworks";
				PRODUCT_BUNDLE_IDENTIFIER = eggs.SnapChat;
				PRODUCT_NAME = "$(TARGET_NAME)";
				SWIFT_VERSION = 3.0;
			};
			name = Release;
		};
/* End XCBuildConfiguration section */

/* Begin XCConfigurationList section */
		FE5E5F9C1EBF3DBC00712E67 /* Build configuration list for PBXProject "SnapChat" */ = {
			isa = XCConfigurationList;
			buildConfigurations = (
				FE5E5FB11EBF3DBC00712E67 /* Debug */,
				FE5E5FB21EBF3DBC00712E67 /* Release */,
			);
			defaultConfigurationIsVisible = 0;
			defaultConfigurationName = Release;
		};
		FE5E5FB31EBF3DBC00712E67 /* Build configuration list for PBXNativeTarget "SnapChat" */ = {
			isa = XCConfigurationList;
			buildConfigurations = (
				FE5E5FB41EBF3DBC00712E67 /* Debug */,
				FE5E5FB51EBF3DBC00712E67 /* Release */,
			);
			defaultConfigurationIsVisible = 0;
			defaultConfigurationName = Release;
		};
/* End XCConfigurationList section */
	};
	rootObject = FE5E5F991EBF3DBC00712E67 /* Project object */;
}
